
Microsoft Visual Studio Solution File, Format Version 12.00
# Visual Studio Version 16
VisualStudioVersion = 16.0.29020.237
MinimumVisualStudioVersion = 10.0.40219.1
Project("{FAE04EC0-301F-11D3-BF4B-00C04F79EFBC}") = "myXunit", "myXunit\myXunit.csproj", "{C699F4BE-CEF4-42EE-A817-87146DE1C775}"
EndProject
Global
	GlobalSection(SolutionConfigurationPlatforms) = preSolution
		Debug|Any CPU = Debug|Any CPU
		Release|Any CPU = Release|Any CPU
	EndGlobalSection
	GlobalSection(ProjectConfigurationPlatforms) = postSolution
		{C699F4BE-CEF4-42EE-A817-87146DE1C775}.Debug|Any CPU.ActiveCfg = Debug|Any CPU
		{C699F4BE-CEF4-42EE-A817-87146DE1C775}.Debug|Any CPU.Build.0 = Debug|Any CPU
		{C699F4BE-CEF4-42EE-A817-87146DE1C775}.Release|Any CPU.ActiveCfg = Release|Any CPU
		{C699F4BE-CEF4-42EE-A817-87146DE1C775}.Release|Any CPU.Build.0 = Release|Any CPU
	EndGlobalSection
	GlobalSection(SolutionProperties) = preSolution
		HideSolutionNode = FALSE
	EndGlobalSection
	GlobalSection(ExtensibilityGlobals) = postSolution
		SolutionGuid = {F164EC86-ED66-4E92-88F8-6B126E3D9654}
	EndGlobalSection
EndGlobal
